
Microsoft Visual Studio Solution File, Format Version 12.00
# Visual Studio Version 17
VisualStudioVersion = 17.7.34221.43
MinimumVisualStudioVersion = 10.0.40219.1
Project("{FAE04EC0-301F-11D3-BF4B-00C04F79EFBC}") = "APU - Astrophotorophy Utilities", "APU - Astrophotorophy Utilities.csproj", "{69B322F2-C2A7-4F0D-8F08-2D0925F2CACB}"
EndProject
Project("{2150E333-8FDC-42A3-9474-1A3956D46DE8}") = "Solution Items", "Solution Items", "{42C894CF-EC9D-4DE3-868E-BDB2F77E73D9}"
	ProjectSection(SolutionItems) = preProject
		.editorconfig = .editorconfig
	EndProjectSection
EndProject
Global
	GlobalSection(SolutionConfigurationPlatforms) = preSolution
		Debug|Any CPU = Debug|Any CPU
		Release|Any CPU = Release|Any CPU
	EndGlobalSection
	GlobalSection(ProjectConfigurationPlatforms) = postSolution
		{69B322F2-C2A7-4F0D-8F08-2D0925F2CACB}.Debug|Any CPU.ActiveCfg = Debug|Any CPU
		{69B322F2-C2A7-4F0D-8F08-2D0925F2CACB}.Debug|Any CPU.Build.0 = Debug|Any CPU
		{69B322F2-C2A7-4F0D-8F08-2D0925F2CACB}.Release|Any CPU.ActiveCfg = Release|Any CPU
		{69B322F2-C2A7-4F0D-8F08-2D0925F2CACB}.Release|Any CPU.Build.0 = Release|Any CPU
	EndGlobalSection
	GlobalSection(SolutionProperties) = preSolution
		HideSolutionNode = FALSE
	EndGlobalSection
	GlobalSection(ExtensibilityGlobals) = postSolution
		SolutionGuid = {EEDE8293-32FD-4099-9B36-16BACB158008}
	EndGlobalSection
EndGlobal
